// !$*UTF8*$!
{
	archiveVersion = 1;
	classes = {
	};
	objectVersion = 46;
	objects = {

/* Begin PBXBuildFile section */
		B347797E1A55556B0078A7A5 /* main.m in Sources */ = {isa = PBXBuildFile; fileRef = B347797D1A55556B0078A7A5 /* main.m */; };
		B34779811A55556B0078A7A5 /* AppDelegate.m in Sources */ = {isa = PBXBuildFile; fileRef = B34779801A55556B0078A7A5 /* AppDelegate.m */; };
		B34779841A55556B0078A7A5 /* ViewController.m in Sources */ = {isa = PBXBuildFile; fileRef = B34779831A55556B0078A7A5 /* ViewController.m */; };
		B34779871A55556B0078A7A5 /* Main.storyboard in Resources */ = {isa = PBXBuildFile; fileRef = B34779851A55556B0078A7A5 /* Main.storyboard */; };
		B34779891A55556B0078A7A5 /* Images.xcassets in Resources */ = {isa = PBXBuildFile; fileRef = B34779881A55556B0078A7A5 /* Images.xcassets */; };
		B347798C1A55556B0078A7A5 /* LaunchScreen.xib in Resources */ = {isa = PBXBuildFile; fileRef = B347798A1A55556B0078A7A5 /* LaunchScreen.xib */; };
		B34779981A55556B0078A7A5 /* bannerexampleTests.m in Sources */ = {isa = PBXBuildFile; fileRef = B34779971A55556B0078A7A5 /* bannerexampleTests.m */; };
		B34779C31A55559F0078A7A5 /* libGoogleAdMobAds.a in Frameworks */ = {isa = PBXBuildFile; fileRef = B34779C11A55559F0078A7A5 /* libGoogleAdMobAds.a */; };
		B34779C41A5555A00078A7A5 /* README.txt in Resources */ = {isa = PBXBuildFile; fileRef = B34779C21A55559F0078A7A5 /* README.txt */; };
		B34779C61A5555DC0078A7A5 /* AdSupport.framework in Frameworks */ = {isa = PBXBuildFile; fileRef = B34779C51A5555DC0078A7A5 /* AdSupport.framework */; };
		B34779C81A5555E50078A7A5 /* AudioToolbox.framework in Frameworks */ = {isa = PBXBuildFile; fileRef = B34779C71A5555E50078A7A5 /* AudioToolbox.framework */; };
		B34779CA1A5555EC0078A7A5 /* AVFoundation.framework in Frameworks */ = {isa = PBXBuildFile; fileRef = B34779C91A5555EC0078A7A5 /* AVFoundation.framework */; };
		B34779CC1A5555F40078A7A5 /* CoreFoundation.framework in Frameworks */ = {isa = PBXBuildFile; fileRef = B34779CB1A5555F40078A7A5 /* CoreFoundation.framework */; };
		B34779CE1A5555FC0078A7A5 /* CoreTelephony.framework in Frameworks */ = {isa = PBXBuildFile; fileRef = B34779CD1A5555FC0078A7A5 /* CoreTelephony.framework */; };
		B34779D01A55563B0078A7A5 /* MessageUI.framework in Frameworks */ = {isa = PBXBuildFile; fileRef = B34779CF1A55563B0078A7A5 /* MessageUI.framework */; };
		B34779D21A5556440078A7A5 /* StoreKit.framework in Frameworks */ = {isa = PBXBuildFile; fileRef = B34779D11A5556440078A7A5 /* StoreKit.framework */; };
		B34779D41A5556530078A7A5 /* SystemConfiguration.framework in Frameworks */ = {isa = PBXBuildFile; fileRef = B34779D31A5556530078A7A5 /* SystemConfiguration.framework */; };
/* End PBXBuildFile section */

/* Begin PBXContainerItemProxy section */
		B34779921A55556B0078A7A5 /* PBXContainerItemProxy */ = {
			isa = PBXContainerItemProxy;
			containerPortal = B34779701A55556A0078A7A5 /* Project object */;
			proxyType = 1;
			remoteGlobalIDString = B34779771A55556A0078A7A5;
			remoteInfo = bannerexample;
		};
/* End PBXContainerItemProxy section */

/* Begin PBXFileReference section */
		B34779781A55556B0078A7A5 /* bannerexample.app */ = {isa = PBXFileReference; explicitFileType = wrapper.application; includeInIndex = 0; path = bannerexample.app; sourceTree = BUILT_PRODUCTS_DIR; };
		B347797C1A55556B0078A7A5 /* Info.plist */ = {isa = PBXFileReference; lastKnownFileType = text.plist.xml; path = Info.plist; sourceTree = "<group>"; };
		B347797D1A55556B0078A7A5 /* main.m */ = {isa = PBXFileReference; lastKnownFileType = sourcecode.c.objc; path = main.m; sourceTree = "<group>"; };
		B347797F1A55556B0078A7A5 /* AppDelegate.h */ = {isa = PBXFileReference; lastKnownFileType = sourcecode.c.h; path = AppDelegate.h; sourceTree = "<group>"; };
		B34779801A55556B0078A7A5 /* AppDelegate.m */ = {isa = PBXFileReference; lastKnownFileType = sourcecode.c.objc; path = AppDelegate.m; sourceTree = "<group>"; };
		B34779821A55556B0078A7A5 /* ViewController.h */ = {isa = PBXFileReference; lastKnownFileType = sourcecode.c.h; path = ViewController.h; sourceTree = "<group>"; };
		B34779831A55556B0078A7A5 /* ViewController.m */ = {isa = PBXFileReference; lastKnownFileType = sourcecode.c.objc; path = ViewController.m; sourceTree = "<group>"; };
		B34779861A55556B0078A7A5 /* Base */ = {isa = PBXFileReference; lastKnownFileType = file.storyboard; name = Base; path = Base.lproj/Main.storyboard; sourceTree = "<group>"; };
		B34779881A55556B0078A7A5 /* Images.xcassets */ = {isa = PBXFileReference; lastKnownFileType = folder.assetcatalog; path = Images.xcassets; sourceTree = "<group>"; };
		B347798B1A55556B0078A7A5 /* Base */ = {isa = PBXFileReference; lastKnownFileType = file.xib; name = Base; path = Base.lproj/LaunchScreen.xib; sourceTree = "<group>"; };
		B34779911A55556B0078A7A5 /* bannerexampleTests.xctest */ = {isa = PBXFileReference; explicitFileType = wrapper.cfbundle; includeInIndex = 0; path = bannerexampleTests.xctest; sourceTree = BUILT_PRODUCTS_DIR; };
		B34779961A55556B0078A7A5 /* Info.plist */ = {isa = PBXFileReference; lastKnownFileType = text.plist.xml; path = Info.plist; sourceTree = "<group>"; };
		B34779971A55556B0078A7A5 /* bannerexampleTests.m */ = {isa = PBXFileReference; lastKnownFileType = sourcecode.c.objc; path = bannerexampleTests.m; sourceTree = "<group>"; };
		B34779A41A55559F0078A7A5 /* DFPBannerView.h */ = {isa = PBXFileReference; fileEncoding = 4; lastKnownFileType = sourcecode.c.h; path = DFPBannerView.h; sourceTree = "<group>"; };
		B34779A51A55559F0078A7A5 /* DFPExtras.h */ = {isa = PBXFileReference; fileEncoding = 4; lastKnownFileType = sourcecode.c.h; path = DFPExtras.h; sourceTree = "<group>"; };
		B34779A61A55559F0078A7A5 /* DFPInterstitial.h */ = {isa = PBXFileReference; fileEncoding = 4; lastKnownFileType = sourcecode.c.h; path = DFPInterstitial.h; sourceTree = "<group>"; };
		B34779A71A55559F0078A7A5 /* DFPSwipeableBannerView.h */ = {isa = PBXFileReference; fileEncoding = 4; lastKnownFileType = sourcecode.c.h; path = DFPSwipeableBannerView.h; sourceTree = "<group>"; };
		B34779A81A55559F0078A7A5 /* GADAdSizeDelegate.h */ = {isa = PBXFileReference; fileEncoding = 4; lastKnownFileType = sourcecode.c.h; path = GADAdSizeDelegate.h; sourceTree = "<group>"; };
		B34779A91A55559F0078A7A5 /* GADAppEventDelegate.h */ = {isa = PBXFileReference; fileEncoding = 4; lastKnownFileType = sourcecode.c.h; path = GADAppEventDelegate.h; sourceTree = "<group>"; };
		B34779AA1A55559F0078A7A5 /* GADSwipeableBannerViewDelegate.h */ = {isa = PBXFileReference; fileEncoding = 4; lastKnownFileType = sourcecode.c.h; path = GADSwipeableBannerViewDelegate.h; sourceTree = "<group>"; };
		B34779AC1A55559F0078A7A5 /* GADCustomEventBanner.h */ = {isa = PBXFileReference; fileEncoding = 4; lastKnownFileType = sourcecode.c.h; path = GADCustomEventBanner.h; sourceTree = "<group>"; };
		B34779AD1A55559F0078A7A5 /* GADCustomEventBannerDelegate.h */ = {isa = PBXFileReference; fileEncoding = 4; lastKnownFileType = sourcecode.c.h; path = GADCustomEventBannerDelegate.h; sourceTree = "<group>"; };
		B34779AE1A55559F0078A7A5 /* GADCustomEventExtras.h */ = {isa = PBXFileReference; fileEncoding = 4; lastKnownFileType = sourcecode.c.h; path = GADCustomEventExtras.h; sourceTree = "<group>"; };
		B34779AF1A55559F0078A7A5 /* GADCustomEventInterstitial.h */ = {isa = PBXFileReference; fileEncoding = 4; lastKnownFileType = sourcecode.c.h; path = GADCustomEventInterstitial.h; sourceTree = "<group>"; };
		B34779B01A55559F0078A7A5 /* GADCustomEventInterstitialDelegate.h */ = {isa = PBXFileReference; fileEncoding = 4; lastKnownFileType = sourcecode.c.h; path = GADCustomEventInterstitialDelegate.h; sourceTree = "<group>"; };
		B34779B11A55559F0078A7A5 /* GADCustomEventRequest.h */ = {isa = PBXFileReference; fileEncoding = 4; lastKnownFileType = sourcecode.c.h; path = GADCustomEventRequest.h; sourceTree = "<group>"; };
		B34779B31A55559F0078A7A5 /* GADSearchBannerView.h */ = {isa = PBXFileReference; fileEncoding = 4; lastKnownFileType = sourcecode.c.h; path = GADSearchBannerView.h; sourceTree = "<group>"; };
		B34779B41A55559F0078A7A5 /* GADSearchRequest.h */ = {isa = PBXFileReference; fileEncoding = 4; lastKnownFileType = sourcecode.c.h; path = GADSearchRequest.h; sourceTree = "<group>"; };
		B34779B51A55559F0078A7A5 /* GADAdMobExtras.h */ = {isa = PBXFileReference; fileEncoding = 4; lastKnownFileType = sourcecode.c.h; path = GADAdMobExtras.h; sourceTree = "<group>"; };
		B34779B61A55559F0078A7A5 /* GADAdNetworkExtras.h */ = {isa = PBXFileReference; fileEncoding = 4; lastKnownFileType = sourcecode.c.h; path = GADAdNetworkExtras.h; sourceTree = "<group>"; };
		B34779B71A55559F0078A7A5 /* GADAdSize.h */ = {isa = PBXFileReference; fileEncoding = 4; lastKnownFileType = sourcecode.c.h; path = GADAdSize.h; sourceTree = "<group>"; };
		B34779B81A55559F0078A7A5 /* GADBannerView.h */ = {isa = PBXFileReference; fileEncoding = 4; lastKnownFileType = sourcecode.c.h; path = GADBannerView.h; sourceTree = "<group>"; };
		B34779B91A55559F0078A7A5 /* GADBannerViewDelegate.h */ = {isa = PBXFileReference; fileEncoding = 4; lastKnownFileType = sourcecode.c.h; path = GADBannerViewDelegate.h; sourceTree = "<group>"; };
		B34779BA1A55559F0078A7A5 /* GADInAppPurchase.h */ = {isa = PBXFileReference; fileEncoding = 4; lastKnownFileType = sourcecode.c.h; path = GADInAppPurchase.h; sourceTree = "<group>"; };
		B34779BB1A55559F0078A7A5 /* GADInAppPurchaseDelegate.h */ = {isa = PBXFileReference; fileEncoding = 4; lastKnownFileType = sourcecode.c.h; path = GADInAppPurchaseDelegate.h; sourceTree = "<group>"; };
		B34779BC1A55559F0078A7A5 /* GADInterstitial.h */ = {isa = PBXFileReference; fileEncoding = 4; lastKnownFileType = sourcecode.c.h; path = GADInterstitial.h; sourceTree = "<group>"; };
		B34779BD1A55559F0078A7A5 /* GADInterstitialDelegate.h */ = {isa = PBXFileReference; fileEncoding = 4; lastKnownFileType = sourcecode.c.h; path = GADInterstitialDelegate.h; sourceTree = "<group>"; };
		B34779BE1A55559F0078A7A5 /* GADModules.h */ = {isa = PBXFileReference; fileEncoding = 4; lastKnownFileType = sourcecode.c.h; path = GADModules.h; sourceTree = "<group>"; };
		B34779BF1A55559F0078A7A5 /* GADRequest.h */ = {isa = PBXFileReference; fileEncoding = 4; lastKnownFileType = sourcecode.c.h; path = GADRequest.h; sourceTree = "<group>"; };
		B34779C01A55559F0078A7A5 /* GADRequestError.h */ = {isa = PBXFileReference; fileEncoding = 4; lastKnownFileType = sourcecode.c.h; path = GADRequestError.h; sourceTree = "<group>"; };
		B34779C11A55559F0078A7A5 /* libGoogleAdMobAds.a */ = {isa = PBXFileReference; lastKnownFileType = archive.ar; path = libGoogleAdMobAds.a; sourceTree = "<group>"; };
		B34779C21A55559F0078A7A5 /* README.txt */ = {isa = PBXFileReference; fileEncoding = 4; lastKnownFileType = text; path = README.txt; sourceTree = "<group>"; };
		B34779C51A5555DC0078A7A5 /* AdSupport.framework */ = {isa = PBXFileReference; lastKnownFileType = wrapper.framework; name = AdSupport.framework; path = System/Library/Frameworks/AdSupport.framework; sourceTree = SDKROOT; };
		B34779C71A5555E50078A7A5 /* AudioToolbox.framework */ = {isa = PBXFileReference; lastKnownFileType = wrapper.framework; name = AudioToolbox.framework; path = System/Library/Frameworks/AudioToolbox.framework; sourceTree = SDKROOT; };
		B34779C91A5555EC0078A7A5 /* AVFoundation.framework */ = {isa = PBXFileReference; lastKnownFileType = wrapper.framework; name = AVFoundation.framework; path = System/Library/Frameworks/AVFoundation.framework; sourceTree = SDKROOT; };
		B34779CB1A5555F40078A7A5 /* CoreFoundation.framework */ = {isa = PBXFileReference; lastKnownFileType = wrapper.framework; name = CoreFoundation.framework; path = System/Library/Frameworks/CoreFoundation.framework; sourceTree = SDKROOT; };
		B34779CD1A5555FC0078A7A5 /* CoreTelephony.framework */ = {isa = PBXFileReference; lastKnownFileType = wrapper.framework; name = CoreTelephony.framework; path = System/Library/Frameworks/CoreTelephony.framework; sourceTree = SDKROOT; };
		B34779CF1A55563B0078A7A5 /* MessageUI.framework */ = {isa = PBXFileReference; lastKnownFileType = wrapper.framework; name = MessageUI.framework; path = System/Library/Frameworks/MessageUI.framework; sourceTree = SDKROOT; };
		B34779D11A5556440078A7A5 /* StoreKit.framework */ = {isa = PBXFileReference; lastKnownFileType = wrapper.framework; name = StoreKit.framework; path = System/Library/Frameworks/StoreKit.framework; sourceTree = SDKROOT; };
		B34779D31A5556530078A7A5 /* SystemConfiguration.framework */ = {isa = PBXFileReference; lastKnownFileType = wrapper.framework; name = SystemConfiguration.framework; path = System/Library/Frameworks/SystemConfiguration.framework; sourceTree = SDKROOT; };
/* End PBXFileReference section */

/* Begin PBXFrameworksBuildPhase section */
		B34779751A55556A0078A7A5 /* Frameworks */ = {
			isa = PBXFrameworksBuildPhase;
			buildActionMask = 2147483647;
			files = (
				B34779D41A5556530078A7A5 /* SystemConfiguration.framework in Frameworks */,
				B34779D21A5556440078A7A5 /* StoreKit.framework in Frameworks */,
				B34779D01A55563B0078A7A5 /* MessageUI.framework in Frameworks */,
				B34779CE1A5555FC0078A7A5 /* CoreTelephony.framework in Frameworks */,
				B34779CC1A5555F40078A7A5 /* CoreFoundation.framework in Frameworks */,
				B34779CA1A5555EC0078A7A5 /* AVFoundation.framework in Frameworks */,
				B34779C81A5555E50078A7A5 /* AudioToolbox.framework in Frameworks */,
				B34779C61A5555DC0078A7A5 /* AdSupport.framework in Frameworks */,
				B34779C31A55559F0078A7A5 /* libGoogleAdMobAds.a in Frameworks */,
			);
			runOnlyForDeploymentPostprocessing = 0;
		};
		B347798E1A55556B0078A7A5 /* Frameworks */ = {
			isa = PBXFrameworksBuildPhase;
			buildActionMask = 2147483647;
			files = (
			);
			runOnlyForDeploymentPostprocessing = 0;
		};
/* End PBXFrameworksBuildPhase section */

/* Begin PBXGroup section */
		B347796F1A55556A0078A7A5 = {
			isa = PBXGroup;
			children = (
				B34779D31A5556530078A7A5 /* SystemConfiguration.framework */,
				B34779D11A5556440078A7A5 /* StoreKit.framework */,
				B34779CF1A55563B0078A7A5 /* MessageUI.framework */,
				B34779CD1A5555FC0078A7A5 /* CoreTelephony.framework */,
				B34779CB1A5555F40078A7A5 /* CoreFoundation.framework */,
				B34779C91A5555EC0078A7A5 /* AVFoundation.framework */,
				B34779C71A5555E50078A7A5 /* AudioToolbox.framework */,
				B34779C51A5555DC0078A7A5 /* AdSupport.framework */,
				B34779A11A55559F0078A7A5 /* GoogleMobileAdsSdkiOS-6.12.2 */,
				B347797A1A55556B0078A7A5 /* bannerexample */,
				B34779941A55556B0078A7A5 /* bannerexampleTests */,
				B34779791A55556B0078A7A5 /* Products */,
			);
			sourceTree = "<group>";
		};
		B34779791A55556B0078A7A5 /* Products */ = {
			isa = PBXGroup;
			children = (
				B34779781A55556B0078A7A5 /* bannerexample.app */,
				B34779911A55556B0078A7A5 /* bannerexampleTests.xctest */,
			);
			name = Products;
			sourceTree = "<group>";
		};
		B347797A1A55556B0078A7A5 /* bannerexample */ = {
			isa = PBXGroup;
			children = (
				B347797F1A55556B0078A7A5 /* AppDelegate.h */,
				B34779801A55556B0078A7A5 /* AppDelegate.m */,
				B34779821A55556B0078A7A5 /* ViewController.h */,
				B34779831A55556B0078A7A5 /* ViewController.m */,
				B34779851A55556B0078A7A5 /* Main.storyboard */,
				B34779881A55556B0078A7A5 /* Images.xcassets */,
				B347798A1A55556B0078A7A5 /* LaunchScreen.xib */,
				B347797B1A55556B0078A7A5 /* Supporting Files */,
			);
			path = bannerexample;
			sourceTree = "<group>";
		};
		B347797B1A55556B0078A7A5 /* Supporting Files */ = {
			isa = PBXGroup;
			children = (
				B347797C1A55556B0078A7A5 /* Info.plist */,
				B347797D1A55556B0078A7A5 /* main.m */,
			);
			name = "Supporting Files";
			sourceTree = "<group>";
		};
		B34779941A55556B0078A7A5 /* bannerexampleTests */ = {
			isa = PBXGroup;
			children = (
				B34779971A55556B0078A7A5 /* bannerexampleTests.m */,
				B34779951A55556B0078A7A5 /* Supporting Files */,
			);
			path = bannerexampleTests;
			sourceTree = "<group>";
		};
		B34779951A55556B0078A7A5 /* Supporting Files */ = {
			isa = PBXGroup;
			children = (
				B34779961A55556B0078A7A5 /* Info.plist */,
			);
			name = "Supporting Files";
			sourceTree = "<group>";
		};
		B34779A11A55559F0078A7A5 /* GoogleMobileAdsSdkiOS-6.12.2 */ = {
			isa = PBXGroup;
			children = (
				B34779A21A55559F0078A7A5 /* Add-ons */,
				B34779B51A55559F0078A7A5 /* GADAdMobExtras.h */,
				B34779B61A55559F0078A7A5 /* GADAdNetworkExtras.h */,
				B34779B71A55559F0078A7A5 /* GADAdSize.h */,
				B34779B81A55559F0078A7A5 /* GADBannerView.h */,
				B34779B91A55559F0078A7A5 /* GADBannerViewDelegate.h */,
				B34779BA1A55559F0078A7A5 /* GADInAppPurchase.h */,
				B34779BB1A55559F0078A7A5 /* GADInAppPurchaseDelegate.h */,
				B34779BC1A55559F0078A7A5 /* GADInterstitial.h */,
				B34779BD1A55559F0078A7A5 /* GADInterstitialDelegate.h */,
				B34779BE1A55559F0078A7A5 /* GADModules.h */,
				B34779BF1A55559F0078A7A5 /* GADRequest.h */,
				B34779C01A55559F0078A7A5 /* GADRequestError.h */,
				B34779C11A55559F0078A7A5 /* libGoogleAdMobAds.a */,
				B34779C21A55559F0078A7A5 /* README.txt */,
			);
			path = "GoogleMobileAdsSdkiOS-6.12.2";
			sourceTree = "<group>";
		};
		B34779A21A55559F0078A7A5 /* Add-ons */ = {
			isa = PBXGroup;
			children = (
				B34779A31A55559F0078A7A5 /* DoubleClick */,
				B34779AB1A55559F0078A7A5 /* Mediation */,
				B34779B21A55559F0078A7A5 /* Search */,
			);
			path = "Add-ons";
			sourceTree = "<group>";
		};
		B34779A31A55559F0078A7A5 /* DoubleClick */ = {
			isa = PBXGroup;
			children = (
				B34779A41A55559F0078A7A5 /* DFPBannerView.h */,
				B34779A51A55559F0078A7A5 /* DFPExtras.h */,
				B34779A61A55559F0078A7A5 /* DFPInterstitial.h */,
				B34779A71A55559F0078A7A5 /* DFPSwipeableBannerView.h */,
				B34779A81A55559F0078A7A5 /* GADAdSizeDelegate.h */,
				B34779A91A55559F0078A7A5 /* GADAppEventDelegate.h */,
				B34779AA1A55559F0078A7A5 /* GADSwipeableBannerViewDelegate.h */,
			);
			path = DoubleClick;
			sourceTree = "<group>";
		};
		B34779AB1A55559F0078A7A5 /* Mediation */ = {
			isa = PBXGroup;
			children = (
				B34779AC1A55559F0078A7A5 /* GADCustomEventBanner.h */,
				B34779AD1A55559F0078A7A5 /* GADCustomEventBannerDelegate.h */,
				B34779AE1A55559F0078A7A5 /* GADCustomEventExtras.h */,
				B34779AF1A55559F0078A7A5 /* GADCustomEventInterstitial.h */,
				B34779B01A55559F0078A7A5 /* GADCustomEventInterstitialDelegate.h */,
				B34779B11A55559F0078A7A5 /* GADCustomEventRequest.h */,
			);
			path = Mediation;
			sourceTree = "<group>";
		};
		B34779B21A55559F0078A7A5 /* Search */ = {
			isa = PBXGroup;
			children = (
				B34779B31A55559F0078A7A5 /* GADSearchBannerView.h */,
				B34779B41A55559F0078A7A5 /* GADSearchRequest.h */,
			);
			path = Search;
			sourceTree = "<group>";
		};
/* End PBXGroup section */

/* Begin PBXNativeTarget section */
		B34779771A55556A0078A7A5 /* bannerexample */ = {
			isa = PBXNativeTarget;
			buildConfigurationList = B347799B1A55556B0078A7A5 /* Build configuration list for PBXNativeTarget "bannerexample" */;
			buildPhases = (
				B34779741A55556A0078A7A5 /* Sources */,
				B34779751A55556A0078A7A5 /* Frameworks */,
				B34779761A55556A0078A7A5 /* Resources */,
			);
			buildRules = (
			);
			dependencies = (
			);
			name = bannerexample;
			productName = bannerexample;
			productReference = B34779781A55556B0078A7A5 /* bannerexample.app */;
			productType = "com.apple.product-type.application";
		};
		B34779901A55556B0078A7A5 /* bannerexampleTests */ = {
			isa = PBXNativeTarget;
			buildConfigurationList = B347799E1A55556B0078A7A5 /* Build configuration list for PBXNativeTarget "bannerexampleTests" */;
			buildPhases = (
				B347798D1A55556B0078A7A5 /* Sources */,
				B347798E1A55556B0078A7A5 /* Frameworks */,
				B347798F1A55556B0078A7A5 /* Resources */,
			);
			buildRules = (
			);
			dependencies = (
				B34779931A55556B0078A7A5 /* PBXTargetDependency */,
			);
			name = bannerexampleTests;
			productName = bannerexampleTests;
			productReference = B34779911A55556B0078A7A5 /* bannerexampleTests.xctest */;
			productType = "com.apple.product-type.bundle.unit-test";
		};
/* End PBXNativeTarget section */

/* Begin PBXProject section */
		B34779701A55556A0078A7A5 /* Project object */ = {
			isa = PBXProject;
			attributes = {
				LastUpgradeCheck = 0600;
				ORGANIZATIONNAME = medma;
				TargetAttributes = {
					B34779771A55556A0078A7A5 = {
						CreatedOnToolsVersion = 6.0.1;
					};
					B34779901A55556B0078A7A5 = {
						CreatedOnToolsVersion = 6.0.1;
						TestTargetID = B34779771A55556A0078A7A5;
					};
				};
			};
			buildConfigurationList = B34779731A55556A0078A7A5 /* Build configuration list for PBXProject "bannerexample" */;
			compatibilityVersion = "Xcode 3.2";
			developmentRegion = English;
			hasScannedForEncodings = 0;
			knownRegions = (
				en,
				Base,
			);
			mainGroup = B347796F1A55556A0078A7A5;
			productRefGroup = B34779791A55556B0078A7A5 /* Products */;
			projectDirPath = "";
			projectRoot = "";
			targets = (
				B34779771A55556A0078A7A5 /* bannerexample */,
				B34779901A55556B0078A7A5 /* bannerexampleTests */,
			);
		};
/* End PBXProject section */

/* Begin PBXResourcesBuildPhase section */
		B34779761A55556A0078A7A5 /* Resources */ = {
			isa = PBXResourcesBuildPhase;
			buildActionMask = 2147483647;
			files = (
				B34779871A55556B0078A7A5 /* Main.storyboard in Resources */,
				B347798C1A55556B0078A7A5 /* LaunchScreen.xib in Resources */,
				B34779C41A5555A00078A7A5 /* README.txt in Resources */,
				B34779891A55556B0078A7A5 /* Images.xcassets in Resources */,
			);
			runOnlyForDeploymentPostprocessing = 0;
		};
		B347798F1A55556B0078A7A5 /* Resources */ = {
			isa = PBXResourcesBuildPhase;
			buildActionMask = 2147483647;
			files = (
			);
			runOnlyForDeploymentPostprocessing = 0;
		};
/* End PBXResourcesBuildPhase section */

/* Begin PBXSourcesBuildPhase section */
		B34779741A55556A0078A7A5 /* Sources */ = {
			isa = PBXSourcesBuildPhase;
			buildActionMask = 2147483647;
			files = (
				B34779841A55556B0078A7A5 /* ViewController.m in Sources */,
				B34779811A55556B0078A7A5 /* AppDelegate.m in Sources */,
				B347797E1A55556B0078A7A5 /* main.m in Sources */,
			);
			runOnlyForDeploymentPostprocessing = 0;
		};
		B347798D1A55556B0078A7A5 /* Sources */ = {
			isa = PBXSourcesBuildPhase;
			buildActionMask = 2147483647;
			files = (
				B34779981A55556B0078A7A5 /* bannerexampleTests.m in Sources */,
			);
			runOnlyForDeploymentPostprocessing = 0;
		};
/* End PBXSourcesBuildPhase section */

/* Begin PBXTargetDependency section */
		B34779931A55556B0078A7A5 /* PBXTargetDependency */ = {
			isa = PBXTargetDependency;
			target = B34779771A55556A0078A7A5 /* bannerexample */;
			targetProxy = B34779921A55556B0078A7A5 /* PBXContainerItemProxy */;
		};
/* End PBXTargetDependency section */

/* Begin PBXVariantGroup section */
		B34779851A55556B0078A7A5 /* Main.storyboard */ = {
			isa = PBXVariantGroup;
			children = (
				B34779861A55556B0078A7A5 /* Base */,
			);
			name = Main.storyboard;
			sourceTree = "<group>";
		};
		B347798A1A55556B0078A7A5 /* LaunchScreen.xib */ = {
			isa = PBXVariantGroup;
			children = (
				B347798B1A55556B0078A7A5 /* Base */,
			);
			name = LaunchScreen.xib;
			sourceTree = "<group>";
		};
/* End PBXVariantGroup section */

/* Begin XCBuildConfiguration section */
		B34779991A55556B0078A7A5 /* Debug */ = {
			isa = XCBuildConfiguration;
			buildSettings = {
				ALWAYS_SEARCH_USER_PATHS = NO;
				CLANG_CXX_LANGUAGE_STANDARD = "gnu++0x";
				CLANG_CXX_LIBRARY = "libc++";
				CLANG_ENABLE_MODULES = YES;
				CLANG_ENABLE_OBJC_ARC = YES;
				CLANG_WARN_BOOL_CONVERSION = YES;
				CLANG_WARN_CONSTANT_CONVERSION = YES;
				CLANG_WARN_DIRECT_OBJC_ISA_USAGE = YES_ERROR;
				CLANG_WARN_EMPTY_BODY = YES;
				CLANG_WARN_ENUM_CONVERSION = YES;
				CLANG_WARN_INT_CONVERSION = YES;
				CLANG_WARN_OBJC_ROOT_CLASS = YES_ERROR;
				CLANG_WARN_UNREACHABLE_CODE = YES;
				CLANG_WARN__DUPLICATE_METHOD_MATCH = YES;
				CODE_SIGN_IDENTITY = "iPhone Developer: Matthew Scott-Mackie (9CFCWC76TK)";
				"CODE_SIGN_IDENTITY[sdk=iphoneos*]" = "iPhone Developer: Matthew Scott-Mackie (9CFCWC76TK)";
				COPY_PHASE_STRIP = NO;
				ENABLE_STRICT_OBJC_MSGSEND = YES;
				GCC_C_LANGUAGE_STANDARD = gnu99;
				GCC_DYNAMIC_NO_PIC = NO;
				GCC_OPTIMIZATION_LEVEL = 0;
				GCC_PREPROCESSOR_DEFINITIONS = (
					"DEBUG=1",
					"$(inherited)",
				);
				GCC_SYMBOLS_PRIVATE_EXTERN = NO;
				GCC_WARN_64_TO_32_BIT_CONVERSION = YES;
				GCC_WARN_ABOUT_RETURN_TYPE = YES_ERROR;
				GCC_WARN_UNDECLARED_SELECTOR = YES;
				GCC_WARN_UNINITIALIZED_AUTOS = YES_AGGRESSIVE;
				GCC_WARN_UNUSED_FUNCTION = YES;
				GCC_WARN_UNUSED_VARIABLE = YES;
				IPHONEOS_DEPLOYMENT_TARGET = 7.0;
				MTL_ENABLE_DEBUG_INFO = YES;
				ONLY_ACTIVE_ARCH = YES;
				PROVISIONING_PROFILE = "5dd06487-f0f2-4866-ba27-b52416d592fa";
				SDKROOT = iphoneos;
				TARGETED_DEVICE_FAMILY = "1,2";
			};
			name = Debug;
		};
		B347799A1A55556B0078A7A5 /* Release */ = {
			isa = XCBuildConfiguration;
			buildSettings = {
				ALWAYS_SEARCH_USER_PATHS = NO;
				CLANG_CXX_LANGUAGE_STANDARD = "gnu++0x";
				CLANG_CXX_LIBRARY = "libc++";
				CLANG_ENABLE_MODULES = YES;
				CLANG_ENABLE_OBJC_ARC = YES;
				CLANG_WARN_BOOL_CONVERSION = YES;
				CLANG_WARN_CONSTANT_CONVERSION = YES;
				CLANG_WARN_DIRECT_OBJC_ISA_USAGE = YES_ERROR;
				CLANG_WARN_EMPTY_BODY = YES;
				CLANG_WARN_ENUM_CONVERSION = YES;
				CLANG_WARN_INT_CONVERSION = YES;
				CLANG_WARN_OBJC_ROOT_CLASS = YES_ERROR;
				CLANG_WARN_UNREACHABLE_CODE = YES;
				CLANG_WARN__DUPLICATE_METHOD_MATCH = YES;
				CODE_SIGN_IDENTITY = "iPhone Developer: Matthew Scott-Mackie (9CFCWC76TK)";
				"CODE_SIGN_IDENTITY[sdk=iphoneos*]" = "iPhone Developer: Matthew Scott-Mackie (9CFCWC76TK)";
				COPY_PHASE_STRIP = YES;
				ENABLE_NS_ASSERTIONS = NO;
				ENABLE_STRICT_OBJC_MSGSEND = YES;
				GCC_C_LANGUAGE_STANDARD = gnu99;
				GCC_WARN_64_TO_32_BIT_CONVERSION = YES;
				GCC_WARN_ABOUT_RETURN_TYPE = YES_ERROR;
				GCC_WARN_UNDECLARED_SELECTOR = YES;
				GCC_WARN_UNINITIALIZED_AUTOS = YES_AGGRESSIVE;
				GCC_WARN_UNUSED_FUNCTION = YES;
				GCC_WARN_UNUSED_VARIABLE = YES;
				IPHONEOS_DEPLOYMENT_TARGET = 7.0;
				MTL_ENABLE_DEBUG_INFO = NO;
				PROVISIONING_PROFILE = "5dd06487-f0f2-4866-ba27-b52416d592fa";
				SDKROOT = iphoneos;
				TARGETED_DEVICE_FAMILY = "1,2";
				VALIDATE_PRODUCT = YES;
			};
			name = Release;
		};
		B347799C1A55556B0078A7A5 /* Debug */ = {
			isa = XCBuildConfiguration;
			buildSettings = {
				ASSETCATALOG_COMPILER_APPICON_NAME = AppIcon;
				CODE_SIGN_IDENTITY = "iPhone Developer: Matthew Scott-Mackie (9CFCWC76TK)";
				"CODE_SIGN_IDENTITY[sdk=iphoneos*]" = "iPhone Developer: Matthew Scott-Mackie (9CFCWC76TK)";
				INFOPLIST_FILE = bannerexample/Info.plist;
				IPHONEOS_DEPLOYMENT_TARGET = 7.0;
				LD_RUNPATH_SEARCH_PATHS = "$(inherited) @executable_path/Frameworks";
				LIBRARY_SEARCH_PATHS = (
					"$(inherited)",
					"$(PROJECT_DIR)/GoogleMobileAdsSdkiOS-6.12.2",
				);
				OTHER_LDFLAGS = "-ObjC";
				PRODUCT_NAME = "$(TARGET_NAME)";
				PROVISIONING_PROFILE = "5dd06487-f0f2-4866-ba27-b52416d592fa";
			};
			name = Debug;
		};
		B347799D1A55556B0078A7A5 /* Release */ = {
			isa = XCBuildConfiguration;
			buildSettings = {
				ASSETCATALOG_COMPILER_APPICON_NAME = AppIcon;
				CODE_SIGN_IDENTITY = "iPhone Developer: Matthew Scott-Mackie (9CFCWC76TK)";
				"CODE_SIGN_IDENTITY[sdk=iphoneos*]" = "iPhone Developer: Matthew Scott-Mackie (9CFCWC76TK)";
				INFOPLIST_FILE = bannerexample/Info.plist;
				IPHONEOS_DEPLOYMENT_TARGET = 7.0;
				LD_RUNPATH_SEARCH_PATHS = "$(inherited) @executable_path/Frameworks";
				LIBRARY_SEARCH_PATHS = (
					"$(inherited)",
					"$(PROJECT_DIR)/GoogleMobileAdsSdkiOS-6.12.2",
				);
				OTHER_LDFLAGS = "-ObjC";
				PRODUCT_NAME = "$(TARGET_NAME)";
				PROVISIONING_PROFILE = "5dd06487-f0f2-4866-ba27-b52416d592fa";
			};
			name = Release;
		};
		B347799F1A55556B0078A7A5 /* Debug */ = {
			isa = XCBuildConfiguration;
			buildSettings = {
				BUNDLE_LOADER = "$(TEST_HOST)";
				CODE_SIGN_IDENTITY = "iPhone Developer: Matthew Scott-Mackie (9CFCWC76TK)";
				FRAMEWORK_SEARCH_PATHS = (
					"$(SDKROOT)/Developer/Library/Frameworks",
					"$(inherited)",
				);
				GCC_PREPROCESSOR_DEFINITIONS = (
					"DEBUG=1",
					"$(inherited)",
				);
				INFOPLIST_FILE = bannerexampleTests/Info.plist;
				LD_RUNPATH_SEARCH_PATHS = "$(inherited) @executable_path/Frameworks @loader_path/Frameworks";
				PRODUCT_NAME = "$(TARGET_NAME)";
				PROVISIONING_PROFILE = "5dd06487-f0f2-4866-ba27-b52416d592fa";
				TEST_HOST = "$(BUILT_PRODUCTS_DIR)/bannerexample.app/bannerexample";
			};
			name = Debug;
		};
		B34779A01A55556B0078A7A5 /* Release */ = {
			isa = XCBuildConfiguration;
			buildSettings = {
				BUNDLE_LOADER = "$(TEST_HOST)";
				CODE_SIGN_IDENTITY = "iPhone Developer: Matthew Scott-Mackie (9CFCWC76TK)";
				"CODE_SIGN_IDENTITY[sdk=iphoneos*]" = "iPhone Developer: Matthew Scott-Mackie (9CFCWC76TK)";
				FRAMEWORK_SEARCH_PATHS = (
					"$(SDKROOT)/Developer/Library/Frameworks",
					"$(inherited)",
				);
				INFOPLIST_FILE = bannerexampleTests/Info.plist;
				LD_RUNPATH_SEARCH_PATHS = "$(inherited) @executable_path/Frameworks @loader_path/Frameworks";
				PRODUCT_NAME = "$(TARGET_NAME)";
				PROVISIONING_PROFILE = "5dd06487-f0f2-4866-ba27-b52416d592fa";
				TEST_HOST = "$(BUILT_PRODUCTS_DIR)/bannerexample.app/bannerexample";
			};
			name = Release;
		};
/* End XCBuildConfiguration section */

/* Begin XCConfigurationList section */
		B34779731A55556A0078A7A5 /* Build configuration list for PBXProject "bannerexample" */ = {
			isa = XCConfigurationList;
			buildConfigurations = (
				B34779991A55556B0078A7A5 /* Debug */,
				B347799A1A55556B0078A7A5 /* Release */,
			);
			defaultConfigurationIsVisible = 0;
			defaultConfigurationName = Release;
		};
		B347799B1A55556B0078A7A5 /* Build configuration list for PBXNativeTarget "bannerexample" */ = {
			isa = XCConfigurationList;
			buildConfigurations = (
				B347799C1A55556B0078A7A5 /* Debug */,
				B347799D1A55556B0078A7A5 /* Release */,
			);
			defaultConfigurationIsVisible = 0;
		};
		B347799E1A55556B0078A7A5 /* Build configuration list for PBXNativeTarget "bannerexampleTests" */ = {
			isa = XCConfigurationList;
			buildConfigurations = (
				B347799F1A55556B0078A7A5 /* Debug */,
				B34779A01A55556B0078A7A5 /* Release */,
			);
			defaultConfigurationIsVisible = 0;
		};
/* End XCConfigurationList section */
	};
	rootObject = B34779701A55556A0078A7A5 /* Project object */;
}
